{
  "version": "2",
  "remote": {
    "https://deno.land/std@0.150.0/media_types/_util.ts": "ce9b4fc4ba1c447dafab619055e20fd88236ca6bdd7834a21f98bd193c3fbfa1",
    "https://deno.land/std@0.150.0/media_types/mod.ts": "2d4b6f32a087029272dc59e0a55ae3cc4d1b27b794ccf528e94b1925795b3118",
    "https://deno.land/std@0.150.0/media_types/vendor/mime-db.v1.52.0.ts": "724cee25fa40f1a52d3937d6b4fbbfdd7791ff55e1b7ac08d9319d5632c7f5af",
    "https://deno.land/x/b64@1.1.27/src/base64.js": "9e10b98e4203d030bc913913a2e4683b4842aff337bc9ec2643a28dfe04b5fc4",
    "https://deno.land/x/cbor@v1.5.2/decode.js": "ab5518450c1cc3d8e3be7a772de8008d2a4f92626630eed6fabd66a25f565526",
    "https://deno.land/x/cbor@v1.5.2/encode.js": "80da1bb1c2936bba0b53e7e0945d73c5a55ed62ea659cf3d785514310b4e3d37",
    "https://deno.land/x/cbor@v1.5.2/index.js": "cc8678819d77aa34b6fa9293658d85d5e53e53eaf555f85b0f98a8a18dbfaa12",
    "https://deno.land/x/cbor@v1.5.2/iterators.js": "744e0469fe37c33bab3787608ced2f2cda014cb9352b3adbd949a2701f043aea",
    "https://deno.land/x/hono@v3.6.3/adapter/deno/serve-static.ts": "ba10cf6aaf39da942b0d49c3b9877ddba69d41d414c6551d890beb1085f58eea",
    "https://deno.land/x/hono@v3.6.3/client/client.ts": "343adfa07e8e13a520bc70cd486c3673a9d890e438b0fbf7b78e2332f55109df",
    "https://deno.land/x/hono@v3.6.3/client/index.ts": "3ff4cf246f3543f827a85a2c84d66a025ac350ee927613629bda47e854bfb7ba",
    "https://deno.land/x/hono@v3.6.3/client/types.ts": "f27daba99d977c451efd05d2896fa21913c7ffdf12ce620b249b94d32d47471b",
    "https://deno.land/x/hono@v3.6.3/client/utils.ts": "053273c002963b549d38268a1b423ac8ca211a8028bdab1ed0b781a62aa5e661",
    "https://deno.land/x/hono@v3.6.3/compose.ts": "e55ed7be2134f363ff3c8e8e2f520ff682c6a11a47d7189100ed69704ce10b9e",
    "https://deno.land/x/hono@v3.6.3/context.ts": "443f95e02569a13bac21ccb437e808fe3574ce68f8c7de2ac623e30816bf0bc4",
    "https://deno.land/x/hono@v3.6.3/helper/cookie/index.ts": "72e4e6e794c3889feecd504f62412d08ba388ee914f5483c8c65b00bdb329ea2",
    "https://deno.land/x/hono@v3.6.3/helper/html/index.ts": "a5028d8170dcc030d003749e743213e6532ff65798b741b81220207abc9af82d",
    "https://deno.land/x/hono@v3.6.3/hono-base.ts": "0a31187a3adabcfc6ab4bceec8ed0ad979674cc49600956c5075061b3bbfd803",
    "https://deno.land/x/hono@v3.6.3/hono.ts": "4bb8574697129ccab8b3a0e457cdc78468c31e3330fece8a7d8850e9314bf5ef",
    "https://deno.land/x/hono@v3.6.3/http-exception.ts": "6071df078b5f76d279684d52fe82a590f447a64ffe1b75eb5064d0c8a8d2d676",
    "https://deno.land/x/hono@v3.6.3/jsx/index.ts": "f9d846121178eb90b37bdba312cc4cf133d3ff0df8e73f820f64fcc84233559c",
    "https://deno.land/x/hono@v3.6.3/middleware.ts": "21032c8d8468435b4268accd540b469cd764edfa745b5e36244a76f9eb898f0c",
    "https://deno.land/x/hono@v3.6.3/middleware/basic-auth/index.ts": "5505288ccf9364f56f7be2dfac841543b72e20656e54ac646a1a73a0aa853261",
    "https://deno.land/x/hono@v3.6.3/middleware/bearer-auth/index.ts": "d11fe14e0a3006f6d35c391e455fe20d8ece9561e48b6a5580e4b87dd491cd90",
    "https://deno.land/x/hono@v3.6.3/middleware/cache/index.ts": "9e5d31d33206bb5dba46dde16ed606dd2cb361d75c26b02e02c72bd1fb6fe53e",
    "https://deno.land/x/hono@v3.6.3/middleware/compress/index.ts": "85d315c9a942d7758e5c524dc94b736124646a56752e56c6e4284f3989b4692a",
    "https://deno.land/x/hono@v3.6.3/middleware/cors/index.ts": "d481eba7e05d3448cd326d3dca8b9c7e16ecf0d27a37fd7d700485834123ae5e",
    "https://deno.land/x/hono@v3.6.3/middleware/etag/index.ts": "4ad675e108dc98dccca0e9e35cd903701669a1aea676b8b51266c3b602e4d54c",
    "https://deno.land/x/hono@v3.6.3/middleware/jwt/index.ts": "6a8fa9ca42e49756dd1b8db6f0abe5b6684681ece8fc7f65a4892f7a82000236",
    "https://deno.land/x/hono@v3.6.3/middleware/logger/index.ts": "c139f372f482baeffbad68b14bef990e011fe8df578dcee71fb612ffad7fe748",
    "https://deno.land/x/hono@v3.6.3/middleware/powered-by/index.ts": "c36b7a3d1322c6a37f3d1510f7ff04a85aa6cacfac2173e5f1913eb16c3cc869",
    "https://deno.land/x/hono@v3.6.3/middleware/pretty-json/index.ts": "f6967ceecdb42c95ddd5e2e7bc8545d3e8bda111fa659f3f1336b2e6fe6b0bb0",
    "https://deno.land/x/hono@v3.6.3/middleware/secure-headers/index.ts": "d2b8a7978e3d201ead5ac8fd22e3adc9094189aebcba0d9cd51b98773927a5d5",
    "https://deno.land/x/hono@v3.6.3/middleware/timing/index.ts": "d6976a07d9d51a7b26dae1311fe51d0744f7d234498bac3fe024ec7088c0ca47",
    "https://deno.land/x/hono@v3.6.3/mod.ts": "90114a97be9111b348129ad0143e764a64921f60dd03b8f3da529db98a0d3a82",
    "https://deno.land/x/hono@v3.6.3/request.ts": "90886a74720b882c6567f04ea840dfc4a084c8d7eaea4acc7966c2d333c374a0",
    "https://deno.land/x/hono@v3.6.3/router.ts": "d03e2a9e862c898e8555b451ba80c65b1f39d487230815229e1f046dbd8546cb",
    "https://deno.land/x/hono@v3.6.3/router/linear-router/index.ts": "8a2a7144c50b1f4a92d9ee99c2c396716af144c868e10608255f969695efccd0",
    "https://deno.land/x/hono@v3.6.3/router/linear-router/router.ts": "90d4afc052b72f53dafbcf97fd32f24299b985f8a35dbdc70b28048201b3dcbc",
    "https://deno.land/x/hono@v3.6.3/router/pattern-router/index.ts": "304a66c50e243872037ed41c7dd79ed0c89d815e17e172e7ad7cdc4bc07d3383",
    "https://deno.land/x/hono@v3.6.3/router/pattern-router/router.ts": "8107b92cb713ba3727639c76fab44fd26883d5f2fa7dd39242150a0f269d4835",
    "https://deno.land/x/hono@v3.6.3/router/reg-exp-router/index.ts": "52755829213941756159b7a963097bafde5cc4fc22b13b1c7c9184dc0512d1db",
    "https://deno.land/x/hono@v3.6.3/router/reg-exp-router/node.ts": "8006b5bccb83d9fc98e0562a5545f6dd0be639ce445b089a6171c9c617aa8693",
    "https://deno.land/x/hono@v3.6.3/router/reg-exp-router/router.ts": "aeddd88e16a7ec3cf088a13ee952cfcb3319f97559767253e1a600f72fc70f27",
    "https://deno.land/x/hono@v3.6.3/router/reg-exp-router/trie.ts": "567493b301c44174f0895aedb8d055bbecf88f8a25626fa8ca61333bbd0c882c",
    "https://deno.land/x/hono@v3.6.3/router/smart-router/index.ts": "74f9b4fe15ea535900f2b9b048581915f12fe94e531dd2b0032f5610e61c3bef",
    "https://deno.land/x/hono@v3.6.3/router/smart-router/router.ts": "38209165dadea4182b42807a0a6c84a9258532a07ebf87262dc2b5b09d25a2a2",
    "https://deno.land/x/hono@v3.6.3/router/trie-router/index.ts": "3eb75e7f71ba81801631b30de6b1f5cefb2c7239c03797e2b2cbab5085911b41",
    "https://deno.land/x/hono@v3.6.3/router/trie-router/node.ts": "a52111dea7436d6817ffca04018eb65e552e9d7b15fba11b367016334dcb1b0f",
    "https://deno.land/x/hono@v3.6.3/router/trie-router/router.ts": "ad0b3fdabc33abd11a9f5819734aec743602a743cfc9f90ddad73787cd5e7727",
    "https://deno.land/x/hono@v3.6.3/types.ts": "bc88afec4d8758fd6d1958ac4025021ef7e668d145cb3d1bc15725970d80b788",
    "https://deno.land/x/hono@v3.6.3/utils/body.ts": "05843f155222c7c5906845e9478f9a97e44f290a26ba3214d042760b9138bbd6",
    "https://deno.land/x/hono@v3.6.3/utils/buffer.ts": "3fe5647e30e8350d16cad3b0d851c7d138d744812f6325b3aac2bcf56fa997aa",
    "https://deno.land/x/hono@v3.6.3/utils/cookie.ts": "8cc6a86b0d2d76c1bf65a78c51af59fcb91bb02aa86ac0d9e58675dad0b25b5e",
    "https://deno.land/x/hono@v3.6.3/utils/crypto.ts": "bda0e141bbe46d3a4a20f8fbcb6380d473b617123d9fdfa93e4499410b537acc",
    "https://deno.land/x/hono@v3.6.3/utils/encode.ts": "3b7c7d736123b5073542b34321700d4dbf5ff129c138f434bb2144a4d425ee89",
    "https://deno.land/x/hono@v3.6.3/utils/filepath.ts": "0059e4d88e62c3630aa67bd51eca0a6d4767c7e5d472d0ea2e1fec691008d152",
    "https://deno.land/x/hono@v3.6.3/utils/html.ts": "9dac0ef4014170bbd387c20913e60d6f506ecd95ba931c0e5a86e50962c118fe",
    "https://deno.land/x/hono@v3.6.3/utils/http-status.ts": "e0c4343ea7717c314dc600131e16b636c29d61cfdaf9df93b267258d1729d1a0",
    "https://deno.land/x/hono@v3.6.3/utils/jwt/index.ts": "5e4b82a42eb3603351dfce726cd781ca41cb57437395409d227131aec348d2d5",
    "https://deno.land/x/hono@v3.6.3/utils/jwt/jwt.ts": "e822e0c183cdc77709ccfba7b527f624f695c149425a00602d314165a87ee1bf",
    "https://deno.land/x/hono@v3.6.3/utils/jwt/types.ts": "16d7fa878a875eddd0049f0aa0192075058f19d51816a5d484d9b80e4d27abea",
    "https://deno.land/x/hono@v3.6.3/utils/mime.ts": "0105d2b5e8e91f07acc70f5d06b388313995d62af23c802fcfba251f5a744d95",
    "https://deno.land/x/hono@v3.6.3/utils/types.ts": "cbd6f37aa04dc920ca200883695dc92e634e4013485f64a02b7c67443c7f6ad0",
    "https://deno.land/x/hono@v3.6.3/utils/url.ts": "5fc3307ef3cb2e6f34ec2a03e3d7f2126c6a9f5f0eab677222df3f0e40bd7567",
    "https://deno.land/x/hono@v3.6.3/validator/index.ts": "6c986e8b91dcf857ecc8164a506ae8eea8665792a4ff7215471df669c632ae7c",
    "https://deno.land/x/hono@v3.6.3/validator/validator.ts": "9f3ef3ab2310cb1348019e1d8bbdf866543358eb9053b4bdc7285335a4fd6916",
    "https://deno.land/x/jose@v4.14.6/index.ts": "5e551713b783fa8658c4e09e8029ba31fc99cb3fc82e9434067708015c26eefb",
    "https://deno.land/x/jose@v4.14.6/jwe/compact/decrypt.ts": "3649ed7b978e77add955a9cbf0cf5c72e24f93ba7c4529d6566c0dd8b99373c4",
    "https://deno.land/x/jose@v4.14.6/jwe/compact/encrypt.ts": "d147705bc7e2675cfb546f78676ec91f432c93ff28022f7125a71d72454bec90",
    "https://deno.land/x/jose@v4.14.6/jwe/flattened/decrypt.ts": "15985387a637d542bfc985c0c52d0fe0906118ba74402a6dbdd7c0c4e311ecc4",
    "https://deno.land/x/jose@v4.14.6/jwe/flattened/encrypt.ts": "3081453bdc4d94e04e7ba34ccc3d8fd9253a8953bfd5343082b2fa8d639f4928",
    "https://deno.land/x/jose@v4.14.6/jwe/general/decrypt.ts": "81df68fadf11486845ac24100fbdeab7331b5c4a5efc1469c8c6ce30139b44e5",
    "https://deno.land/x/jose@v4.14.6/jwe/general/encrypt.ts": "ad260501c583f013a393cce144060b278254c25fb5f48d37f31ccc5fdaf58e1c",
    "https://deno.land/x/jose@v4.14.6/jwk/embedded.ts": "26d27b429d4cb7d38790889bcf24c5c19fa18aa2c813d808d65e2d1f602461bb",
    "https://deno.land/x/jose@v4.14.6/jwk/thumbprint.ts": "dddb12cfccb323b1d49e56ac8250bcaa3740d632376dc58ebb16491e3e574e3d",
    "https://deno.land/x/jose@v4.14.6/jwks/local.ts": "af7b608e0bf6bd5a246817b9e0261d3f1cd5954cf7e35276c1b7deb00778a94b",
    "https://deno.land/x/jose@v4.14.6/jwks/remote.ts": "09a414cb2e96bc18919281944432df5e7a157c8af5455cd24d0d6fe3ac0f9b71",
    "https://deno.land/x/jose@v4.14.6/jws/compact/sign.ts": "1e88d19dc26d3ea5f2ce3da989813daf5c555d8dec6528051530f7b5a3e87bae",
    "https://deno.land/x/jose@v4.14.6/jws/compact/verify.ts": "eaf38d96a99120dc0646b4f242f46dc68282d8a6dacc804a356f60251e5f164d",
    "https://deno.land/x/jose@v4.14.6/jws/flattened/sign.ts": "be5db0e622a6c5b1e905338d33851e89e956350c9d774de50c70f30a6a156356",
    "https://deno.land/x/jose@v4.14.6/jws/flattened/verify.ts": "ca2c88cbe1473bac56769c812d80c2dcd7223fab7537d6ec9c6d89a0e857d685",
    "https://deno.land/x/jose@v4.14.6/jws/general/sign.ts": "b40b40ce59f12dc58d30a553cb865821d8c2487513c144f608163e847d5a5375",
    "https://deno.land/x/jose@v4.14.6/jws/general/verify.ts": "358f828fe681147b2fdb37fd95fd158ab53d56094e6fc688d8e8cb1a18b4fcb6",
    "https://deno.land/x/jose@v4.14.6/jwt/decrypt.ts": "4df7341c74773f7ed98a8b906e72137701759bea3d1c0a0b9695b3424ead03b8",
    "https://deno.land/x/jose@v4.14.6/jwt/encrypt.ts": "b9a6de7c7ac4797d2f97f47481538752e0623e40c99cc98056cc2ae957129875",
    "https://deno.land/x/jose@v4.14.6/jwt/produce.ts": "dfe55ae98056a40be6fda924144c0656bb19c8bbf3fe35d842efe2d1545df3e4",
    "https://deno.land/x/jose@v4.14.6/jwt/sign.ts": "54d0a761056edeec428a956abd8db034a20536d87fc7b7a2d4fbf953e931aa37",
    "https://deno.land/x/jose@v4.14.6/jwt/unsecured.ts": "c829502b1bc3f6153ed550f081b9e79b6ed25e2196708b154a11e85d8036cc18",
    "https://deno.land/x/jose@v4.14.6/jwt/verify.ts": "73afafd96c7e7f008d062f4be86157f32b577d94dd40a91c6842d694c9986553",
    "https://deno.land/x/jose@v4.14.6/key/export.ts": "5addf06a10ce16bb24e630a8f0e5473eff2cbc1ac549ba29fd8ecf0610778edc",
    "https://deno.land/x/jose@v4.14.6/key/generate_key_pair.ts": "74fa98acae05f132c4e986e7a026223c4ba9729eee5a1fb94e1b8b621c3c3fc6",
    "https://deno.land/x/jose@v4.14.6/key/generate_secret.ts": "5883fb32f24d62639bc7b0c2e6cd2de2a86df74ed6c8e00126ffeb788ab66d1a",
    "https://deno.land/x/jose@v4.14.6/key/import.ts": "cdf200d1eea914677117835c36f5332924fb2e5cb6fd07594b6455b3ab0f7749",
    "https://deno.land/x/jose@v4.14.6/lib/aesgcmkw.ts": "9415c556597be41a4a2f7203fd32fb00d1f06b6b2cfef70d481acec39c7807d6",
    "https://deno.land/x/jose@v4.14.6/lib/buffer_utils.ts": "dad65c92c9baef14cd5366a4131252afa7a5b4f3a068d0244e2df8660ea2bd8e",
    "https://deno.land/x/jose@v4.14.6/lib/cek.ts": "a474becfe1c2d86fbcf3a24cdcd96274beb8d61bd17926e5f345001f39df922b",
    "https://deno.land/x/jose@v4.14.6/lib/check_iv_length.ts": "118eb531167126c8421d71a21f2cfdc10a658c933e178b33395ef3e962c54f80",
    "https://deno.land/x/jose@v4.14.6/lib/check_key_type.ts": "81f5a2c3764464d2b917a1c55c6011d312184e8c68e43bee51565c2db1b166c4",
    "https://deno.land/x/jose@v4.14.6/lib/check_p2s.ts": "2f5549e121c43019ac85a3bb3fe8cb98a397122dcaa80f3cd8bf5fcf314e1f67",
    "https://deno.land/x/jose@v4.14.6/lib/crypto_key.ts": "3da8e265080fb72be9f66a33c6aa76c7176b6162b4ae2534828822cf9c5b04e8",
    "https://deno.land/x/jose@v4.14.6/lib/decrypt_key_management.ts": "9551fc03b4952c7771e76aec46b568f28c34950811d86eb13893eb565946ddf6",
    "https://deno.land/x/jose@v4.14.6/lib/encrypt_key_management.ts": "ec08f264e7dde341171d6272e9db639ae3718cc7047b3117735ab960d9bd01d4",
    "https://deno.land/x/jose@v4.14.6/lib/epoch.ts": "cd608f73f6c100e8156c6020ec2bce6757e01759793f0d6aab23908d3d2ea933",
    "https://deno.land/x/jose@v4.14.6/lib/format_pem.ts": "b5230682e7a89609238015b77f33afd248f3e0f69bcb5895eece2f86d83100f6",
    "https://deno.land/x/jose@v4.14.6/lib/invalid_key_input.ts": "9ca81c899000c18cf1b70ab8221f39b306cc153663e748190307e284fd47ab6a",
    "https://deno.land/x/jose@v4.14.6/lib/is_disjoint.ts": "b5ea1cb260899f5cfb04f032029956e637067714a275d13be429fc53287a4b17",
    "https://deno.land/x/jose@v4.14.6/lib/is_object.ts": "43549ddc51a3b3d4c22b953b191a961fbb61fb5081e8efb88ad075afa1f4d214",
    "https://deno.land/x/jose@v4.14.6/lib/iv.ts": "4766d9ad87b478bb7344094f38c8561181b72f8678edd1b5226d1e0f9ab677fc",
    "https://deno.land/x/jose@v4.14.6/lib/jwt_claims_set.ts": "af0a315486eaef0b9c5f019d4bc74cd5cfdc7ea242a9ce696dcf8630c02a80e8",
    "https://deno.land/x/jose@v4.14.6/lib/secs.ts": "03a2f02fda0f76bf431734552a947c2916c699b904ae0d2f90a415931c30e66d",
    "https://deno.land/x/jose@v4.14.6/lib/validate_algorithms.ts": "6b20f4b5f6935cd9edcd6eb2128226144ba792eaa7c47966c666a51baf1682eb",
    "https://deno.land/x/jose@v4.14.6/lib/validate_crit.ts": "6d2b43959ddf432060505ef13af32cb1bf0daff815ef1eae4d7971629566a695",
    "https://deno.land/x/jose@v4.14.6/runtime/aeskw.ts": "a9bd412c6d07b2606520972671a545cdb205f79f0a2e9ec0fb145fb2147319e1",
    "https://deno.land/x/jose@v4.14.6/runtime/asn1.ts": "695f4792d2fc092be76713a165fbb7a738554435b4fb6d5f06ac591e62b1d411",
    "https://deno.land/x/jose@v4.14.6/runtime/base64url.ts": "74ecb18b90de56bcc4424b6c911cfe49b56dd4a316978f5c8ee9a23560069636",
    "https://deno.land/x/jose@v4.14.6/runtime/bogus.ts": "4f1c967b0d9b4e7105e16ad8c173da55708f377ee5e201d8ee5fc613f3417f08",
    "https://deno.land/x/jose@v4.14.6/runtime/check_cek_length.ts": "2ee093fcb273602449ed7863ab6bd4dd2a7aeff99507e0573e3cd4b8d8099e5d",
    "https://deno.land/x/jose@v4.14.6/runtime/check_key_length.ts": "5656870cc4460602775134280bf46f17e27100b237bdb5c687aceabeffc8f2a2",
    "https://deno.land/x/jose@v4.14.6/runtime/decrypt.ts": "fc24eadefce13095a4012972a1552f148d9d12d8ed7d1f17ed7c87e00810335f",
    "https://deno.land/x/jose@v4.14.6/runtime/digest.ts": "cee73fad56ce596ffedc56811d174ab413e7981eb847eb67c0e77f213cc2ac2d",
    "https://deno.land/x/jose@v4.14.6/runtime/ecdhes.ts": "74a6f43dde87736179d814312b010087bea0c834f51adc9a93f79664f78cb75f",
    "https://deno.land/x/jose@v4.14.6/runtime/encrypt.ts": "50d400ab152e2d66bffccf7473545097dd69894bc05508530260c8bc0d811638",
    "https://deno.land/x/jose@v4.14.6/runtime/fetch_jwks.ts": "34b71aa6bbd51984d1009792499ea17133dcb11bf2f2d8fba60e8090d900fc20",
    "https://deno.land/x/jose@v4.14.6/runtime/generate.ts": "bc25cf20301cfd6feabb56847e3d5fbe2fc8c11c82e6ad942d27c21fa1f863f0",
    "https://deno.land/x/jose@v4.14.6/runtime/get_sign_verify_key.ts": "f08a086524491a54fb2a0e203819d4ca2b193444aecf6dfbaf6d400431cb439c",
    "https://deno.land/x/jose@v4.14.6/runtime/is_key_like.ts": "d9660a40820d254843721a53b51eb94a4db39a1ee36103ea8c28e2cc2207599b",
    "https://deno.land/x/jose@v4.14.6/runtime/jwk_to_key.ts": "3779cb38ea2857b37f378a45d6b27651eb672f398ddae16cd1fb2aacaa451df5",
    "https://deno.land/x/jose@v4.14.6/runtime/key_to_jwk.ts": "2af6f52abbe59316fa96771da48538c8f718b6fdd8703d185f8a87ef44c0f064",
    "https://deno.land/x/jose@v4.14.6/runtime/pbes2kw.ts": "1c424aade1ef8c69f0b9db635ff04d873f7c1b2615c7fbef49ee053704912e9d",
    "https://deno.land/x/jose@v4.14.6/runtime/random.ts": "3e9c8d08208e5dc186ae659535f0018303ff3b56615335bf0dfb5904fe36aab7",
    "https://deno.land/x/jose@v4.14.6/runtime/rsaes.ts": "124b6e87d8569b39d6f550b371303c79e9eb28aa0d9b14025eeaffe50282c987",
    "https://deno.land/x/jose@v4.14.6/runtime/sign.ts": "1524f8855538ca5fd607cd681f804ba421b0ec58f562118f3c635324ba053f90",
    "https://deno.land/x/jose@v4.14.6/runtime/subtle_dsa.ts": "bab28945afd1aac19d3142a70f0c44c4b283b581d33cf8e1234889b58338e80d",
    "https://deno.land/x/jose@v4.14.6/runtime/subtle_rsaes.ts": "26147da83932ebf7266d69ddd408f269395de05ddde64ba4e1585571bb61bd93",
    "https://deno.land/x/jose@v4.14.6/runtime/timing_safe_equal.ts": "fc5b3f4132cec56630eac4677fef2b519707a9c6a257f8ae86515b0d86ff5f6b",
    "https://deno.land/x/jose@v4.14.6/runtime/verify.ts": "d391e2286b47485247b475016c66999f5146a1cf8331115385a9ba629251c15e",
    "https://deno.land/x/jose@v4.14.6/runtime/webcrypto.ts": "3365b7d62eaa7e6befe5e2f4f67aa7859805c41b87064433b6e70f94501aa36e",
    "https://deno.land/x/jose@v4.14.6/runtime/zlib.ts": "74a4c85d1a6e523282ae927412d58e6789a8d7264b4e966a7df800a97f28a1e1",
    "https://deno.land/x/jose@v4.14.6/util/base64url.ts": "d2567042684de8bf1e4f1ad67be40ab343ee192ddf1cf12ff1d940d6c1fa2bcb",
    "https://deno.land/x/jose@v4.14.6/util/decode_jwt.ts": "7578cd174b640188e8fd4ad7f0c92e83ebd6ea50097b5833364d095ec7aff2b1",
    "https://deno.land/x/jose@v4.14.6/util/decode_protected_header.ts": "546eac15dd97d267373cb3d8d9a94ad03481f1328c4457560ffde9a5a595ebe8",
    "https://deno.land/x/jose@v4.14.6/util/errors.ts": "107a41f79bd8a226c836080f617809cd148e00112fdadc0e15c3a6079da02f5d",
    "https://deno.land/x/simplewebauthn@v8.1.1/deno/server.ts": "d5fb66d4a73c20435f33105dad7f41a02fa156fcfde2efb4a035788cceacbcce",
    "https://deno.land/x/simplewebauthn@v8.1.1/deno/typescript-types.ts": "5274033e93a44852251adeb8edc96353b218e8bacd9b87bef5f561839b7e8873",
    "https://deno.land/x/simplewebauthn@v8.1.1/packages/server/src/authentication/generateAuthenticationOptions.ts": "725838900837deb1065163a52db5b8625675f61e610930b64d1e0448bbd7af42",
    "https://deno.land/x/simplewebauthn@v8.1.1/packages/server/src/authentication/verifyAuthenticationResponse.ts": "5f9def29ece770b332c1f786dafed4f03e9dba42dd23a2412d988e91e6e9d7c7",
    "https://deno.land/x/simplewebauthn@v8.1.1/packages/server/src/deps.ts": "84938963a130ee5f31bc2b1a70c0b970da685e9026979e479357e4b801edd6c0",
    "https://deno.land/x/simplewebauthn@v8.1.1/packages/server/src/helpers/convertAAGUIDToString.ts": "fe81f111f9e471c70137735136c74655cd3f43571210b9bdb37138aec525239c",
    "https://deno.land/x/simplewebauthn@v8.1.1/packages/server/src/helpers/convertCOSEtoPKCS.ts": "5f5bb74506ebf7adb1f715228ed1b80eba88e164745750815a0022f4057d826e",
    "https://deno.land/x/simplewebauthn@v8.1.1/packages/server/src/helpers/convertCertBufferToPEM.ts": "ba88dfae82dbf0b33a09253f3e36fec4ea4cac3502620a59352fa358263315be",
    "https://deno.land/x/simplewebauthn@v8.1.1/packages/server/src/helpers/convertPEMToBytes.ts": "15703899b7281329714a041c63a2b00ca3595dc9dacfcd6392feca12717cd710",
    "https://deno.land/x/simplewebauthn@v8.1.1/packages/server/src/helpers/convertX509PublicKeyToCOSE.ts": "878811cdc41e83bd8dc1c68c151c0858d68f93eb89456d89221c95b583f9c066",
    "https://deno.land/x/simplewebauthn@v8.1.1/packages/server/src/helpers/cose.ts": "ec3fd62d5037e58d57ab5594780a45d7f4eb9daf2ada0dfbd8f657b7e2b500e5",
    "https://deno.land/x/simplewebauthn@v8.1.1/packages/server/src/helpers/decodeAttestationObject.ts": "bfc47ef24cce4d52a7fcab3c329089be3f4445b79e999696e1d0cd273c45e91c",
    "https://deno.land/x/simplewebauthn@v8.1.1/packages/server/src/helpers/decodeAuthenticatorExtensions.ts": "dcebe88c914888c6bd04ad43b8a655a619d3eceba5af26d015aea634f6504367",
    "https://deno.land/x/simplewebauthn@v8.1.1/packages/server/src/helpers/decodeClientDataJSON.ts": "3269e45463d9c6a53056ce641e656ffdfe1a0947dde30239e7495a75af4ac6cc",
    "https://deno.land/x/simplewebauthn@v8.1.1/packages/server/src/helpers/decodeCredentialPublicKey.ts": "e0fb424a46b2748b42c701a6df12bcfbb9884b9dd68d40d36525f2a9f35f6de6",
    "https://deno.land/x/simplewebauthn@v8.1.1/packages/server/src/helpers/fetch.ts": "b499cef15c269b1a917e50ac6aaabcbedfb560658046c30e75606b9eee650512",
    "https://deno.land/x/simplewebauthn@v8.1.1/packages/server/src/helpers/generateChallenge.ts": "8aa11e3754386df0dc41894f6c51d22f99a84686554c63179e014082a4c4ff1d",
    "https://deno.land/x/simplewebauthn@v8.1.1/packages/server/src/helpers/getCertificateInfo.ts": "c8b15bd1286a22ef8ec5b4738ad87e5d804e9694e96998c1075230cd246424e8",
    "https://deno.land/x/simplewebauthn@v8.1.1/packages/server/src/helpers/index.ts": "cf0fdf489afae6c8180bf29cffba31b8289d070ab94e2e3446d257112947a5dd",
    "https://deno.land/x/simplewebauthn@v8.1.1/packages/server/src/helpers/isCertRevoked.ts": "29c4bbb8df05fb6f8d4401fab22c8f02ec477bd4cc00146a26fbc96e3caac6f7",
    "https://deno.land/x/simplewebauthn@v8.1.1/packages/server/src/helpers/iso/index.ts": "3784b094dbe78301b04a6c1748fd96d1ad1f1e0aa5a9e305178c6dd90f42e9df",
    "https://deno.land/x/simplewebauthn@v8.1.1/packages/server/src/helpers/iso/isoBase64URL.ts": "8c8cafb9efa9d513416ce2b5714e4c9c99322db3c52dd99dec982127c7fc94b5",
    "https://deno.land/x/simplewebauthn@v8.1.1/packages/server/src/helpers/iso/isoCBOR.ts": "1bee7b2c1d4d95f5bc79c9ec540e5c985a10eca0964cf4bbcc13854d4040386a",
    "https://deno.land/x/simplewebauthn@v8.1.1/packages/server/src/helpers/iso/isoCrypto/digest.ts": "d0aadc03f2009e60034b8b6f101b311ee28729abbd4ac15999a5e777f325bf07",
    "https://deno.land/x/simplewebauthn@v8.1.1/packages/server/src/helpers/iso/isoCrypto/getRandomValues.ts": "e9541c19f0fb14fb02254780a53e97c991faa607d7383cafb45bb036d198986e",
    "https://deno.land/x/simplewebauthn@v8.1.1/packages/server/src/helpers/iso/isoCrypto/getWebCrypto.ts": "f9bd208a0c37203b07caa9543cdf5b91f395b5827a15174e06e8571b88878ac5",
    "https://deno.land/x/simplewebauthn@v8.1.1/packages/server/src/helpers/iso/isoCrypto/importKey.ts": "9e8454a14a91f0c9bef68877482d644a7f6c007bee858b9c6e901e3a6aa75c42",
    "https://deno.land/x/simplewebauthn@v8.1.1/packages/server/src/helpers/iso/isoCrypto/index.ts": "b150779bfc29c6f034424f083aa6308d6f16de7bcbef89cae504d1cdd0123a11",
    "https://deno.land/x/simplewebauthn@v8.1.1/packages/server/src/helpers/iso/isoCrypto/mapCoseAlgToWebCryptoAlg.ts": "9569ac0fc263a5d817d07b7931db55561b1419ba1d621da4ac569ca4d3c4d7c0",
    "https://deno.land/x/simplewebauthn@v8.1.1/packages/server/src/helpers/iso/isoCrypto/mapCoseAlgToWebCryptoKeyAlgName.ts": "eb73953837c35ecb51b8247f07cb5916ed933afc5e5cccd5a671af00834dd3c3",
    "https://deno.land/x/simplewebauthn@v8.1.1/packages/server/src/helpers/iso/isoCrypto/structs.ts": "608d961cb8c28d28bba55012c8a94d77428a4437606bbd3980882db26ede4d22",
    "https://deno.land/x/simplewebauthn@v8.1.1/packages/server/src/helpers/iso/isoCrypto/unwrapEC2Signature.ts": "f039f482af27bb76bb4033aa07d6d11b77805c8553f9feec956073d8a6bc5534",
    "https://deno.land/x/simplewebauthn@v8.1.1/packages/server/src/helpers/iso/isoCrypto/verify.ts": "935d510566e83dbc7b61611dcfb8a73c8d5dd3fd381a9149ad04448cf456dd3b",
    "https://deno.land/x/simplewebauthn@v8.1.1/packages/server/src/helpers/iso/isoCrypto/verifyEC2.ts": "45ba1516ee8af53e97259e72fdad5cd75d330c4f79155ceb9af3a6046c39ac5d",
    "https://deno.land/x/simplewebauthn@v8.1.1/packages/server/src/helpers/iso/isoCrypto/verifyOKP.ts": "aabd359ddb7fb8c2f5126ba13b17524acb4571c34f2480d7605983d91c63fe91",
    "https://deno.land/x/simplewebauthn@v8.1.1/packages/server/src/helpers/iso/isoCrypto/verifyRSA.ts": "1107437956836e0efced72dc3d7a545e7aff0c7efb0c792cfe3995ec2da78cfd",
    "https://deno.land/x/simplewebauthn@v8.1.1/packages/server/src/helpers/iso/isoUint8Array.ts": "831458ebeeec60baced0b3fb8417f2984f87a514fae6804c9264e3bc203be6de",
    "https://deno.land/x/simplewebauthn@v8.1.1/packages/server/src/helpers/logging.ts": "0d6cc9f2e86ef8dafebb2951520c146fad9cc88163888f3e451a6febe319d7cc",
    "https://deno.land/x/simplewebauthn@v8.1.1/packages/server/src/helpers/mapX509SignatureAlgToCOSEAlg.ts": "3f3fd252841cdca24d9675b01ff7f8ddde1bddaa773d300654f29c01eb596e6b",
    "https://deno.land/x/simplewebauthn@v8.1.1/packages/server/src/helpers/matchExpectedRPID.ts": "cdf33833c239df6d1b4d798d15e9c97f668c8a4fcfc801bf382f4d7e5c1fd6c2",
    "https://deno.land/x/simplewebauthn@v8.1.1/packages/server/src/helpers/parseAuthenticatorData.ts": "3b231083dd66a8abc97aca427e0be8beb67ea71248546742f20e2c5ad18b0805",
    "https://deno.land/x/simplewebauthn@v8.1.1/packages/server/src/helpers/parseBackupFlags.ts": "9947faa40fc6804ccf591889e0256c7cee2f5684198ccf74bf9ce76bddd04cbf",
    "https://deno.land/x/simplewebauthn@v8.1.1/packages/server/src/helpers/toHash.ts": "e376dc4d5843b57dbb00ca13d0957d7c3779441753445e74dd02f78e81c73433",
    "https://deno.land/x/simplewebauthn@v8.1.1/packages/server/src/helpers/validateCertificatePath.ts": "c99e02bff67aae47ba6e4367ae9b5802651cbd96d075a191c2f25f319fa2cd7c",
    "https://deno.land/x/simplewebauthn@v8.1.1/packages/server/src/helpers/verifySignature.ts": "d7c86bbacd88d48c0a4f4c14956940121e8222cab95f058ff74602dc5e613bbf",
    "https://deno.land/x/simplewebauthn@v8.1.1/packages/server/src/index.ts": "a2f3501cc9a8a7dc375bb809b424c0f926d211ba8dde68984200f87d20d6ff9f",
    "https://deno.land/x/simplewebauthn@v8.1.1/packages/server/src/metadata/mdsTypes.ts": "2a2a69cab599cfdac61fb902991e4b71e9b5920e35bb6423ad2bafc99b599519",
    "https://deno.land/x/simplewebauthn@v8.1.1/packages/server/src/metadata/parseJWT.ts": "8b2232454095d74175e7e8ebd1471e91a70097287175b51ca45cda7c1a00a700",
    "https://deno.land/x/simplewebauthn@v8.1.1/packages/server/src/metadata/verifyAttestationWithMetadata.ts": "b67f5870a58fdf5eac1a7d19b7f766aa184afea531e661815b5db867a93c26ad",
    "https://deno.land/x/simplewebauthn@v8.1.1/packages/server/src/metadata/verifyJWT.ts": "9e8e9109423f57b78668a4cc0240eb704d25719884d8aabfec517ce1e9497507",
    "https://deno.land/x/simplewebauthn@v8.1.1/packages/server/src/registration/generateRegistrationOptions.ts": "c5ab2729054e7b6a6b7c7eb56310c1f74cf79b2539e956c55f97b58484bb7348",
    "https://deno.land/x/simplewebauthn@v8.1.1/packages/server/src/registration/verifications/tpm/constants.ts": "2fe2d47df17d6562fa40a192f69e54ae6603e0502972bdf33d17a66a0d8d7810",
    "https://deno.land/x/simplewebauthn@v8.1.1/packages/server/src/registration/verifications/tpm/parseCertInfo.ts": "4bb59004c0c5ac5a2b77634e5d05913cb8bbadb6085003cacb2ef0acf338324b",
    "https://deno.land/x/simplewebauthn@v8.1.1/packages/server/src/registration/verifications/tpm/parsePubArea.ts": "da01b78133df3336aa183948736a5acea0ac79405566160a01156986bb4f3470",
    "https://deno.land/x/simplewebauthn@v8.1.1/packages/server/src/registration/verifications/tpm/verifyAttestationTPM.ts": "8fb24a42e867803bb1513d4dd8e242f4c525f1a27fb1e6f90d1416ba8c6f4ec2",
    "https://deno.land/x/simplewebauthn@v8.1.1/packages/server/src/registration/verifications/verifyAttestationAndroidKey.ts": "fd7b4a8c543919c2731131a16ed04fe23906502d12e6c1c8dd3bfd270bf54bb7",
    "https://deno.land/x/simplewebauthn@v8.1.1/packages/server/src/registration/verifications/verifyAttestationAndroidSafetyNet.ts": "2a58ccee4d46d23ab2b4aa07715e9f717745492f0e81b38426d0a05353f1d0a6",
    "https://deno.land/x/simplewebauthn@v8.1.1/packages/server/src/registration/verifications/verifyAttestationApple.ts": "423b77664a95e55d2d84805049d2c941d36ad67f28392914b2d930914f3779bb",
    "https://deno.land/x/simplewebauthn@v8.1.1/packages/server/src/registration/verifications/verifyAttestationFIDOU2F.ts": "ae088ac53b781855702c51d97f6c8346e9e0b1252adeab7731fa502f48fb80eb",
    "https://deno.land/x/simplewebauthn@v8.1.1/packages/server/src/registration/verifications/verifyAttestationPacked.ts": "dbcdf4de0ba633db89d04a00070d2a230286e0fc2c6627010340a5d0f2c868ca",
    "https://deno.land/x/simplewebauthn@v8.1.1/packages/server/src/registration/verifyRegistrationResponse.ts": "74c5cad6b89126d88129e474e1bdc0b64df3f1b7ba829938443b0b71ebf9d262",
    "https://deno.land/x/simplewebauthn@v8.1.1/packages/server/src/services/defaultRootCerts/android-key.ts": "3c3d0ef780cb6718178e25c77de5fb2cb6911eb1d91ff9648b7e470de8c0c3af",
    "https://deno.land/x/simplewebauthn@v8.1.1/packages/server/src/services/defaultRootCerts/android-safetynet.ts": "19979981d707f6b1507b87ffc0a5f37dfabcdd10cdb239f0a10c2afbf862099e",
    "https://deno.land/x/simplewebauthn@v8.1.1/packages/server/src/services/defaultRootCerts/apple.ts": "da104fff89ac80b264078ae2c669f28bf122ac68d2a108f731265e2767acabbe",
    "https://deno.land/x/simplewebauthn@v8.1.1/packages/server/src/services/defaultRootCerts/mds.ts": "b20054c27a1f98aff9f3eef6a3fb2e9bd2c3c4e5fab8814800e002bd96e771ff",
    "https://deno.land/x/simplewebauthn@v8.1.1/packages/server/src/services/metadataService.ts": "787e965a8dceb915194bbe9cc1c00b32fd4e0737eba37fc1071017b0c0ad452b",
    "https://deno.land/x/simplewebauthn@v8.1.1/packages/server/src/services/settingsService.ts": "0c26df6d75fb5cf0532027a9463ff25d2d4af4dcc153f9d02f0d5c4b8f9b45f6",
    "https://deno.land/x/simplewebauthn@v8.1.1/packages/typescript-types/src/index.ts": "27470af139d227931ff7dd17b6cc0dd2687cfe5ec33f8c1f3dd08595fc6da16a",
    "https://deno.land/x/xhr@0.3.0/mod.ts": "094aacd627fd9635cd942053bf8032b5223b909858fa9dc8ffa583752ff63b20",
    "https://esm.sh/@peculiar/asn1-android@2.3.6": "fb4dd2b9fe423ad0f98c5f7c8b365404f56827b3cfc1b9abbce6d419f72908c3",
    "https://esm.sh/@peculiar/asn1-ecc@2.3.6": "6e259ae1390d9d6f0bb3055b4d06b467925747f8db9f78156c34a5ea79beaac1",
    "https://esm.sh/@peculiar/asn1-rsa@2.3.6": "9c2a9481c9515ea860378742ad255bce7424a0d2f24f87e7d390aac669135dc8",
    "https://esm.sh/@peculiar/asn1-schema@2.3.6": "c15028356c71536e543f9112a04efc56aa9b47d739e1d57d162fe1a6e5abc6ce",
    "https://esm.sh/@peculiar/asn1-x509@2.3.6": "701eadefdaac96a504cb024efb38dec25c1fa2c61b3963b2b6d17c324fcc54e5",
    "https://esm.sh/cross-fetch@4.0.0": "455ae44f37acd1ed33e9449c428750b6129152532aeccd3de69bd19005a38331",
    "https://esm.sh/v132/@peculiar/asn1-android@2.3.6/denonext/asn1-android.mjs": "5e01acec4a325066184c8a2f2f8d4864a571b9039b5679078b3893a93e90a1b5",
    "https://esm.sh/v132/@peculiar/asn1-ecc@2.3.6/denonext/asn1-ecc.mjs": "5989ad7184187eb1b16e2133deecf1d2b96c31ef96927b1892b2c2653890cb69",
    "https://esm.sh/v132/@peculiar/asn1-rsa@2.3.6/denonext/asn1-rsa.mjs": "f687c324c0d89aa12e450a2b33aaf7271bb77e05e2fef9a83544a94ecb7f8c5b",
    "https://esm.sh/v132/@peculiar/asn1-schema@2.3.6/denonext/asn1-schema.mjs": "f4cc2f4f847fff6b9789e13efee1e8c4a3d3f67c16caa90d532619b67ea46241",
    "https://esm.sh/v132/@peculiar/asn1-x509@2.3.6/denonext/asn1-x509.mjs": "34745efad09645b27c6c3125aca6b91c3478f2f417eff74d43d5bf5fb412e5bf",
    "https://esm.sh/v132/asn1js@3.0.5/denonext/asn1js.mjs": "06e1a6a2bbe1ab615ab45fa4c5351749fb47a24bd8a9b72f490df8bd17f30cb3",
    "https://esm.sh/v132/cross-fetch@4.0.0/denonext/cross-fetch.mjs": "238eae32034ab217cdbef10b812c7357f61ab2730c58207f4cf9135e9dec7a61",
    "https://esm.sh/v132/ipaddr.js@2.1.0/denonext/ipaddr.mjs": "214c1ee845e73e7c51ba673b36e7e6b9c5d8e8fb1fc19443444ad9cec44adf7e",
    "https://esm.sh/v132/pvtsutils@1.3.5/denonext/pvtsutils.mjs": "016782b990e2652a326cf1d8984c2adc4552171da902cc73dc8e12ffdbe3a100",
    "https://esm.sh/v132/pvutils@1.1.3/denonext/pvutils.mjs": "ad156a239ec0f1aa99f123fab44abc292c87d4fd6969d7af264436630457523c",
    "https://esm.sh/v132/tslib@2.6.2/denonext/tslib.mjs": "29782bcd3139f77ec063dc5a9385c0fff4a8d0a23b6765c73d9edeb169a04bf1"
  }
}
